// !$*UTF8*$!
{
	archiveVersion = 1;
	classes = {
	};
	objectVersion = 56;
	objects = {

/* Begin PBXBuildFile section */
		C72776442A8714F900BA1ED4 /* Key.swift in Sources */ = {isa = PBXBuildFile; fileRef = C72776432A8714F900BA1ED4 /* Key.swift */; };
		C72776472A8715E700BA1ED4 /* KeyTests.swift in Sources */ = {isa = PBXBuildFile; fileRef = C72776462A8715E700BA1ED4 /* KeyTests.swift */; };
		C727764A2A8731BF00BA1ED4 /* TileView.swift in Sources */ = {isa = PBXBuildFile; fileRef = C72776492A8731BF00BA1ED4 /* TileView.swift */; };
		C727764D2A8735F100BA1ED4 /* GridView.swift in Sources */ = {isa = PBXBuildFile; fileRef = C727764C2A8735F100BA1ED4 /* GridView.swift */; };
		C727764F2A88149B00BA1ED4 /* KeyState.swift in Sources */ = {isa = PBXBuildFile; fileRef = C727764E2A88149B00BA1ED4 /* KeyState.swift */; };
		C72776522A88384000BA1ED4 /* UIColor+AppColors.swift in Sources */ = {isa = PBXBuildFile; fileRef = C72776512A88384000BA1ED4 /* UIColor+AppColors.swift */; };
		C72776542A8839BA00BA1ED4 /* KeyboardView.swift in Sources */ = {isa = PBXBuildFile; fileRef = C72776532A8839BA00BA1ED4 /* KeyboardView.swift */; };
		C72776562A883CEA00BA1ED4 /* KeyView.swift in Sources */ = {isa = PBXBuildFile; fileRef = C72776552A883CEA00BA1ED4 /* KeyView.swift */; };
		C72776582A88412D00BA1ED4 /* UIFont+AppFonts.swift in Sources */ = {isa = PBXBuildFile; fileRef = C72776572A88412D00BA1ED4 /* UIFont+AppFonts.swift */; };
		C727765A2A89A80600BA1ED4 /* GameView.swift in Sources */ = {isa = PBXBuildFile; fileRef = C72776592A89A80600BA1ED4 /* GameView.swift */; };
		C727765C2A89E70F00BA1ED4 /* GameState.swift in Sources */ = {isa = PBXBuildFile; fileRef = C727765B2A89E70F00BA1ED4 /* GameState.swift */; };
		C727765E2A8C084600BA1ED4 /* UIImage+AppImages.swift in Sources */ = {isa = PBXBuildFile; fileRef = C727765D2A8C084600BA1ED4 /* UIImage+AppImages.swift */; };
		C72776602A8C09B500BA1ED4 /* Words.swift in Sources */ = {isa = PBXBuildFile; fileRef = C727765F2A8C09B500BA1ED4 /* Words.swift */; };
		C72776622A8C09E500BA1ED4 /* word_list.json in Resources */ = {isa = PBXBuildFile; fileRef = C72776612A8C09E500BA1ED4 /* word_list.json */; };
		C72776642A8C0D4500BA1ED4 /* Bundle+DecodeJSON.swift in Sources */ = {isa = PBXBuildFile; fileRef = C72776632A8C0D4500BA1ED4 /* Bundle+DecodeJSON.swift */; };
		C72776662A8C2A0100BA1ED4 /* String+Offset.swift in Sources */ = {isa = PBXBuildFile; fileRef = C72776652A8C2A0100BA1ED4 /* String+Offset.swift */; };
		C727766A2A8C488200BA1ED4 /* KarnakPro-CondensedBlack.otf in Resources */ = {isa = PBXBuildFile; fileRef = C72776692A8C488200BA1ED4 /* KarnakPro-CondensedBlack.otf */; };
		C78018712A870E0A00E59E0D /* AppDelegate.swift in Sources */ = {isa = PBXBuildFile; fileRef = C78018702A870E0A00E59E0D /* AppDelegate.swift */; };
		C78018732A870E0A00E59E0D /* SceneDelegate.swift in Sources */ = {isa = PBXBuildFile; fileRef = C78018722A870E0A00E59E0D /* SceneDelegate.swift */; };
		C78018752A870E0A00E59E0D /* ViewController.swift in Sources */ = {isa = PBXBuildFile; fileRef = C78018742A870E0A00E59E0D /* ViewController.swift */; };
		C78018782A870E0A00E59E0D /* Main.storyboard in Resources */ = {isa = PBXBuildFile; fileRef = C78018762A870E0A00E59E0D /* Main.storyboard */; };
		C780187A2A870E0B00E59E0D /* Assets.xcassets in Resources */ = {isa = PBXBuildFile; fileRef = C78018792A870E0B00E59E0D /* Assets.xcassets */; };
		C780187D2A870E0B00E59E0D /* LaunchScreen.storyboard in Resources */ = {isa = PBXBuildFile; fileRef = C780187B2A870E0B00E59E0D /* LaunchScreen.storyboard */; };
		C78018922A870E0B00E59E0D /* Wordle_SwiftUITests.swift in Sources */ = {isa = PBXBuildFile; fileRef = C78018912A870E0B00E59E0D /* Wordle_SwiftUITests.swift */; };
		C78018942A870E0B00E59E0D /* Wordle_SwiftUITestsLaunchTests.swift in Sources */ = {isa = PBXBuildFile; fileRef = C78018932A870E0B00E59E0D /* Wordle_SwiftUITestsLaunchTests.swift */; };
		C7CCB1E42A8C572E0088638D /* HeaderView.swift in Sources */ = {isa = PBXBuildFile; fileRef = C7CCB1E32A8C572E0088638D /* HeaderView.swift */; };
		C7CCB1E62A8C83050088638D /* ToastStackView.swift in Sources */ = {isa = PBXBuildFile; fileRef = C7CCB1E52A8C83050088638D /* ToastStackView.swift */; };
		C7F9FE2B2A8EF1DC00B08E00 /* Game.swift in Sources */ = {isa = PBXBuildFile; fileRef = C7F9FE2A2A8EF1DC00B08E00 /* Game.swift */; };
		C7F9FE2E2A8EF33C00B08E00 /* ToastItemType.swift in Sources */ = {isa = PBXBuildFile; fileRef = C7F9FE2D2A8EF33C00B08E00 /* ToastItemType.swift */; };
		C7F9FE302A8EF35000B08E00 /* ToastItemView.swift in Sources */ = {isa = PBXBuildFile; fileRef = C7F9FE2F2A8EF35000B08E00 /* ToastItemView.swift */; };
/* End PBXBuildFile section */

/* Begin PBXContainerItemProxy section */
		C78018842A870E0B00E59E0D /* PBXContainerItemProxy */ = {
			isa = PBXContainerItemProxy;
			containerPortal = C78018652A870E0A00E59E0D /* Project object */;
			proxyType = 1;
			remoteGlobalIDString = C780186C2A870E0A00E59E0D;
			remoteInfo = "Wordle-Swift";
		};
		C780188E2A870E0B00E59E0D /* PBXContainerItemProxy */ = {
			isa = PBXContainerItemProxy;
			containerPortal = C78018652A870E0A00E59E0D /* Project object */;
			proxyType = 1;
			remoteGlobalIDString = C780186C2A870E0A00E59E0D;
			remoteInfo = "Wordle-Swift";
		};
/* End PBXContainerItemProxy section */

/* Begin PBXFileReference section */
		C72776432A8714F900BA1ED4 /* Key.swift */ = {isa = PBXFileReference; lastKnownFileType = sourcecode.swift; path = Key.swift; sourceTree = "<group>"; };
		C72776462A8715E700BA1ED4 /* KeyTests.swift */ = {isa = PBXFileReference; lastKnownFileType = sourcecode.swift; path = KeyTests.swift; sourceTree = "<group>"; };
		C72776482A872B7500BA1ED4 /* Wordle-Swift.xctestplan */ = {isa = PBXFileReference; lastKnownFileType = text; path = "Wordle-Swift.xctestplan"; sourceTree = "<group>"; };
		C72776492A8731BF00BA1ED4 /* TileView.swift */ = {isa = PBXFileReference; lastKnownFileType = sourcecode.swift; path = TileView.swift; sourceTree = "<group>"; };
		C727764C2A8735F100BA1ED4 /* GridView.swift */ = {isa = PBXFileReference; lastKnownFileType = sourcecode.swift; path = GridView.swift; sourceTree = "<group>"; };
		C727764E2A88149B00BA1ED4 /* KeyState.swift */ = {isa = PBXFileReference; lastKnownFileType = sourcecode.swift; path = KeyState.swift; sourceTree = "<group>"; };
		C72776512A88384000BA1ED4 /* UIColor+AppColors.swift */ = {isa = PBXFileReference; lastKnownFileType = sourcecode.swift; path = "UIColor+AppColors.swift"; sourceTree = "<group>"; };
		C72776532A8839BA00BA1ED4 /* KeyboardView.swift */ = {isa = PBXFileReference; lastKnownFileType = sourcecode.swift; path = KeyboardView.swift; sourceTree = "<group>"; };
		C72776552A883CEA00BA1ED4 /* KeyView.swift */ = {isa = PBXFileReference; lastKnownFileType = sourcecode.swift; path = KeyView.swift; sourceTree = "<group>"; };
		C72776572A88412D00BA1ED4 /* UIFont+AppFonts.swift */ = {isa = PBXFileReference; lastKnownFileType = sourcecode.swift; path = "UIFont+AppFonts.swift"; sourceTree = "<group>"; };
		C72776592A89A80600BA1ED4 /* GameView.swift */ = {isa = PBXFileReference; lastKnownFileType = sourcecode.swift; path = GameView.swift; sourceTree = "<group>"; };
		C727765B2A89E70F00BA1ED4 /* GameState.swift */ = {isa = PBXFileReference; lastKnownFileType = sourcecode.swift; path = GameState.swift; sourceTree = "<group>"; };
		C727765D2A8C084600BA1ED4 /* UIImage+AppImages.swift */ = {isa = PBXFileReference; lastKnownFileType = sourcecode.swift; path = "UIImage+AppImages.swift"; sourceTree = "<group>"; };
		C727765F2A8C09B500BA1ED4 /* Words.swift */ = {isa = PBXFileReference; lastKnownFileType = sourcecode.swift; path = Words.swift; sourceTree = "<group>"; };
		C72776612A8C09E500BA1ED4 /* word_list.json */ = {isa = PBXFileReference; lastKnownFileType = text.json; path = word_list.json; sourceTree = "<group>"; };
		C72776632A8C0D4500BA1ED4 /* Bundle+DecodeJSON.swift */ = {isa = PBXFileReference; lastKnownFileType = sourcecode.swift; path = "Bundle+DecodeJSON.swift"; sourceTree = "<group>"; };
		C72776652A8C2A0100BA1ED4 /* String+Offset.swift */ = {isa = PBXFileReference; lastKnownFileType = sourcecode.swift; path = "String+Offset.swift"; sourceTree = "<group>"; };
		C72776692A8C488200BA1ED4 /* KarnakPro-CondensedBlack.otf */ = {isa = PBXFileReference; lastKnownFileType = file; path = "KarnakPro-CondensedBlack.otf"; sourceTree = "<group>"; };
		C780186D2A870E0A00E59E0D /* Wordle-Swift.app */ = {isa = PBXFileReference; explicitFileType = wrapper.application; includeInIndex = 0; path = "Wordle-Swift.app"; sourceTree = BUILT_PRODUCTS_DIR; };
		C78018702A870E0A00E59E0D /* AppDelegate.swift */ = {isa = PBXFileReference; lastKnownFileType = sourcecode.swift; path = AppDelegate.swift; sourceTree = "<group>"; };
		C78018722A870E0A00E59E0D /* SceneDelegate.swift */ = {isa = PBXFileReference; lastKnownFileType = sourcecode.swift; path = SceneDelegate.swift; sourceTree = "<group>"; };
		C78018742A870E0A00E59E0D /* ViewController.swift */ = {isa = PBXFileReference; lastKnownFileType = sourcecode.swift; path = ViewController.swift; sourceTree = "<group>"; };
		C78018772A870E0A00E59E0D /* Base */ = {isa = PBXFileReference; lastKnownFileType = file.storyboard; name = Base; path = Base.lproj/Main.storyboard; sourceTree = "<group>"; };
		C78018792A870E0B00E59E0D /* Assets.xcassets */ = {isa = PBXFileReference; lastKnownFileType = folder.assetcatalog; path = Assets.xcassets; sourceTree = "<group>"; };
		C780187C2A870E0B00E59E0D /* Base */ = {isa = PBXFileReference; lastKnownFileType = file.storyboard; name = Base; path = Base.lproj/LaunchScreen.storyboard; sourceTree = "<group>"; };
		C780187E2A870E0B00E59E0D /* Info.plist */ = {isa = PBXFileReference; lastKnownFileType = text.plist.xml; path = Info.plist; sourceTree = "<group>"; };
		C78018832A870E0B00E59E0D /* Wordle-SwiftTests.xctest */ = {isa = PBXFileReference; explicitFileType = wrapper.cfbundle; includeInIndex = 0; path = "Wordle-SwiftTests.xctest"; sourceTree = BUILT_PRODUCTS_DIR; };
		C780188D2A870E0B00E59E0D /* Wordle-SwiftUITests.xctest */ = {isa = PBXFileReference; explicitFileType = wrapper.cfbundle; includeInIndex = 0; path = "Wordle-SwiftUITests.xctest"; sourceTree = BUILT_PRODUCTS_DIR; };
		C78018912A870E0B00E59E0D /* Wordle_SwiftUITests.swift */ = {isa = PBXFileReference; lastKnownFileType = sourcecode.swift; path = Wordle_SwiftUITests.swift; sourceTree = "<group>"; };
		C78018932A870E0B00E59E0D /* Wordle_SwiftUITestsLaunchTests.swift */ = {isa = PBXFileReference; lastKnownFileType = sourcecode.swift; path = Wordle_SwiftUITestsLaunchTests.swift; sourceTree = "<group>"; };
		C7CCB1E32A8C572E0088638D /* HeaderView.swift */ = {isa = PBXFileReference; lastKnownFileType = sourcecode.swift; path = HeaderView.swift; sourceTree = "<group>"; };
		C7CCB1E52A8C83050088638D /* ToastStackView.swift */ = {isa = PBXFileReference; lastKnownFileType = sourcecode.swift; path = ToastStackView.swift; sourceTree = "<group>"; };
		C7F9FE2A2A8EF1DC00B08E00 /* Game.swift */ = {isa = PBXFileReference; lastKnownFileType = sourcecode.swift; path = Game.swift; sourceTree = "<group>"; };
		C7F9FE2D2A8EF33C00B08E00 /* ToastItemType.swift */ = {isa = PBXFileReference; lastKnownFileType = sourcecode.swift; path = ToastItemType.swift; sourceTree = "<group>"; };
		C7F9FE2F2A8EF35000B08E00 /* ToastItemView.swift */ = {isa = PBXFileReference; lastKnownFileType = sourcecode.swift; path = ToastItemView.swift; sourceTree = "<group>"; };
/* End PBXFileReference section */

/* Begin PBXFrameworksBuildPhase section */
		C780186A2A870E0A00E59E0D /* Frameworks */ = {
			isa = PBXFrameworksBuildPhase;
			buildActionMask = 2147483647;
			files = (
			);
			runOnlyForDeploymentPostprocessing = 0;
		};
		C78018802A870E0B00E59E0D /* Frameworks */ = {
			isa = PBXFrameworksBuildPhase;
			buildActionMask = 2147483647;
			files = (
			);
			runOnlyForDeploymentPostprocessing = 0;
		};
		C780188A2A870E0B00E59E0D /* Frameworks */ = {
			isa = PBXFrameworksBuildPhase;
			buildActionMask = 2147483647;
			files = (
			);
			runOnlyForDeploymentPostprocessing = 0;
		};
/* End PBXFrameworksBuildPhase section */

/* Begin PBXGroup section */
		C72776412A87140B00BA1ED4 /* Source */ = {
			isa = PBXGroup;
			children = (
				C72776502A88382F00BA1ED4 /* Extensions */,
				C7F9FE292A8EF1CC00B08E00 /* Managers */,
				C72776422A8714E600BA1ED4 /* Models */,
				C727764B2A8731C300BA1ED4 /* Views */,
			);
			path = Source;
			sourceTree = "<group>";
		};
		C72776422A8714E600BA1ED4 /* Models */ = {
			isa = PBXGroup;
			children = (
				C727765B2A89E70F00BA1ED4 /* GameState.swift */,
				C72776432A8714F900BA1ED4 /* Key.swift */,
				C727764E2A88149B00BA1ED4 /* KeyState.swift */,
				C7F9FE2D2A8EF33C00B08E00 /* ToastItemType.swift */,
				C727765F2A8C09B500BA1ED4 /* Words.swift */,
			);
			path = Models;
			sourceTree = "<group>";
		};
		C72776452A8715DD00BA1ED4 /* Models */ = {
			isa = PBXGroup;
			children = (
				C72776462A8715E700BA1ED4 /* KeyTests.swift */,
			);
			path = Models;
			sourceTree = "<group>";
		};
		C727764B2A8731C300BA1ED4 /* Views */ = {
			isa = PBXGroup;
			children = (
				C72776592A89A80600BA1ED4 /* GameView.swift */,
				C727764C2A8735F100BA1ED4 /* GridView.swift */,
				C7CCB1E32A8C572E0088638D /* HeaderView.swift */,
				C72776532A8839BA00BA1ED4 /* KeyboardView.swift */,
				C72776552A883CEA00BA1ED4 /* KeyView.swift */,
				C72776492A8731BF00BA1ED4 /* TileView.swift */,
				C7F9FE2F2A8EF35000B08E00 /* ToastItemView.swift */,
				C7CCB1E52A8C83050088638D /* ToastStackView.swift */,
			);
			path = Views;
			sourceTree = "<group>";
		};
		C72776502A88382F00BA1ED4 /* Extensions */ = {
			isa = PBXGroup;
			children = (
				C72776632A8C0D4500BA1ED4 /* Bundle+DecodeJSON.swift */,
				C72776652A8C2A0100BA1ED4 /* String+Offset.swift */,
				C72776512A88384000BA1ED4 /* UIColor+AppColors.swift */,
				C72776572A88412D00BA1ED4 /* UIFont+AppFonts.swift */,
				C727765D2A8C084600BA1ED4 /* UIImage+AppImages.swift */,
			);
			path = Extensions;
			sourceTree = "<group>";
		};
		C72776672A8C488200BA1ED4 /* Resources */ = {
			isa = PBXGroup;
			children = (
				C72776682A8C488200BA1ED4 /* Fonts */,
				C7F9FE2C2A8EF2A800B08E00 /* JSON */,
			);
			path = Resources;
			sourceTree = "<group>";
		};
		C72776682A8C488200BA1ED4 /* Fonts */ = {
			isa = PBXGroup;
			children = (
				C72776692A8C488200BA1ED4 /* KarnakPro-CondensedBlack.otf */,
			);
			path = Fonts;
			sourceTree = "<group>";
		};
		C78018642A870E0A00E59E0D = {
			isa = PBXGroup;
			children = (
				C72776482A872B7500BA1ED4 /* Wordle-Swift.xctestplan */,
				C780186F2A870E0A00E59E0D /* Wordle-Swift */,
				C78018862A870E0B00E59E0D /* Wordle-SwiftTests */,
				C78018902A870E0B00E59E0D /* Wordle-SwiftUITests */,
				C780186E2A870E0A00E59E0D /* Products */,
			);
			sourceTree = "<group>";
		};
		C780186E2A870E0A00E59E0D /* Products */ = {
			isa = PBXGroup;
			children = (
				C780186D2A870E0A00E59E0D /* Wordle-Swift.app */,
				C78018832A870E0B00E59E0D /* Wordle-SwiftTests.xctest */,
				C780188D2A870E0B00E59E0D /* Wordle-SwiftUITests.xctest */,
			);
			name = Products;
			sourceTree = "<group>";
		};
		C780186F2A870E0A00E59E0D /* Wordle-Swift */ = {
			isa = PBXGroup;
			children = (
				C78018702A870E0A00E59E0D /* AppDelegate.swift */,
				C78018792A870E0B00E59E0D /* Assets.xcassets */,
				C780187E2A870E0B00E59E0D /* Info.plist */,
				C780187B2A870E0B00E59E0D /* LaunchScreen.storyboard */,
				C78018762A870E0A00E59E0D /* Main.storyboard */,
				C72776672A8C488200BA1ED4 /* Resources */,
				C78018722A870E0A00E59E0D /* SceneDelegate.swift */,
				C72776412A87140B00BA1ED4 /* Source */,
				C78018742A870E0A00E59E0D /* ViewController.swift */,
			);
			path = "Wordle-Swift";
			sourceTree = "<group>";
		};
		C78018862A870E0B00E59E0D /* Wordle-SwiftTests */ = {
			isa = PBXGroup;
			children = (
				C72776452A8715DD00BA1ED4 /* Models */,
			);
			path = "Wordle-SwiftTests";
			sourceTree = "<group>";
		};
		C78018902A870E0B00E59E0D /* Wordle-SwiftUITests */ = {
			isa = PBXGroup;
			children = (
				C78018912A870E0B00E59E0D /* Wordle_SwiftUITests.swift */,
				C78018932A870E0B00E59E0D /* Wordle_SwiftUITestsLaunchTests.swift */,
			);
			path = "Wordle-SwiftUITests";
			sourceTree = "<group>";
		};
		C7F9FE292A8EF1CC00B08E00 /* Managers */ = {
			isa = PBXGroup;
			children = (
				C7F9FE2A2A8EF1DC00B08E00 /* Game.swift */,
			);
			path = Managers;
			sourceTree = "<group>";
		};
		C7F9FE2C2A8EF2A800B08E00 /* JSON */ = {
			isa = PBXGroup;
			children = (
				C72776612A8C09E500BA1ED4 /* word_list.json */,
			);
			path = JSON;
			sourceTree = "<group>";
		};
/* End PBXGroup section */

/* Begin PBXNativeTarget section */
		C780186C2A870E0A00E59E0D /* Wordle-Swift */ = {
			isa = PBXNativeTarget;
			buildConfigurationList = C78018972A870E0B00E59E0D /* Build configuration list for PBXNativeTarget "Wordle-Swift" */;
			buildPhases = (
				C78018692A870E0A00E59E0D /* Sources */,
				C780186A2A870E0A00E59E0D /* Frameworks */,
				C780186B2A870E0A00E59E0D /* Resources */,
			);
			buildRules = (
			);
			dependencies = (
			);
			name = "Wordle-Swift";
			productName = "Wordle-Swift";
			productReference = C780186D2A870E0A00E59E0D /* Wordle-Swift.app */;
			productType = "com.apple.product-type.application";
		};
		C78018822A870E0B00E59E0D /* Wordle-SwiftTests */ = {
			isa = PBXNativeTarget;
			buildConfigurationList = C780189A2A870E0B00E59E0D /* Build configuration list for PBXNativeTarget "Wordle-SwiftTests" */;
			buildPhases = (
				C780187F2A870E0B00E59E0D /* Sources */,
				C78018802A870E0B00E59E0D /* Frameworks */,
				C78018812A870E0B00E59E0D /* Resources */,
			);
			buildRules = (
			);
			dependencies = (
				C78018852A870E0B00E59E0D /* PBXTargetDependency */,
			);
			name = "Wordle-SwiftTests";
			productName = "Wordle-SwiftTests";
			productReference = C78018832A870E0B00E59E0D /* Wordle-SwiftTests.xctest */;
			productType = "com.apple.product-type.bundle.unit-test";
		};
		C780188C2A870E0B00E59E0D /* Wordle-SwiftUITests */ = {
			isa = PBXNativeTarget;
			buildConfigurationList = C780189D2A870E0B00E59E0D /* Build configuration list for PBXNativeTarget "Wordle-SwiftUITests" */;
			buildPhases = (
				C78018892A870E0B00E59E0D /* Sources */,
				C780188A2A870E0B00E59E0D /* Frameworks */,
				C780188B2A870E0B00E59E0D /* Resources */,
			);
			buildRules = (
			);
			dependencies = (
				C780188F2A870E0B00E59E0D /* PBXTargetDependency */,
			);
			name = "Wordle-SwiftUITests";
			productName = "Wordle-SwiftUITests";
			productReference = C780188D2A870E0B00E59E0D /* Wordle-SwiftUITests.xctest */;
			productType = "com.apple.product-type.bundle.ui-testing";
		};
/* End PBXNativeTarget section */

/* Begin PBXProject section */
		C78018652A870E0A00E59E0D /* Project object */ = {
			isa = PBXProject;
			attributes = {
				BuildIndependentTargetsInParallel = 1;
				LastSwiftUpdateCheck = 1430;
				LastUpgradeCheck = 1430;
				TargetAttributes = {
					C780186C2A870E0A00E59E0D = {
						CreatedOnToolsVersion = 14.3.1;
					};
					C78018822A870E0B00E59E0D = {
						CreatedOnToolsVersion = 14.3.1;
						TestTargetID = C780186C2A870E0A00E59E0D;
					};
					C780188C2A870E0B00E59E0D = {
						CreatedOnToolsVersion = 14.3.1;
						TestTargetID = C780186C2A870E0A00E59E0D;
					};
				};
			};
			buildConfigurationList = C78018682A870E0A00E59E0D /* Build configuration list for PBXProject "Wordle-Swift" */;
			compatibilityVersion = "Xcode 14.0";
			developmentRegion = en;
			hasScannedForEncodings = 0;
			knownRegions = (
				en,
				Base,
			);
			mainGroup = C78018642A870E0A00E59E0D;
			productRefGroup = C780186E2A870E0A00E59E0D /* Products */;
			projectDirPath = "";
			projectRoot = "";
			targets = (
				C780186C2A870E0A00E59E0D /* Wordle-Swift */,
				C78018822A870E0B00E59E0D /* Wordle-SwiftTests */,
				C780188C2A870E0B00E59E0D /* Wordle-SwiftUITests */,
			);
		};
/* End PBXProject section */

/* Begin PBXResourcesBuildPhase section */
		C780186B2A870E0A00E59E0D /* Resources */ = {
			isa = PBXResourcesBuildPhase;
			buildActionMask = 2147483647;
			files = (
				C780187D2A870E0B00E59E0D /* LaunchScreen.storyboard in Resources */,
				C780187A2A870E0B00E59E0D /* Assets.xcassets in Resources */,
				C72776622A8C09E500BA1ED4 /* word_list.json in Resources */,
				C78018782A870E0A00E59E0D /* Main.storyboard in Resources */,
				C727766A2A8C488200BA1ED4 /* KarnakPro-CondensedBlack.otf in Resources */,
			);
			runOnlyForDeploymentPostprocessing = 0;
		};
		C78018812A870E0B00E59E0D /* Resources */ = {
			isa = PBXResourcesBuildPhase;
			buildActionMask = 2147483647;
			files = (
			);
			runOnlyForDeploymentPostprocessing = 0;
		};
		C780188B2A870E0B00E59E0D /* Resources */ = {
			isa = PBXResourcesBuildPhase;
			buildActionMask = 2147483647;
			files = (
			);
			runOnlyForDeploymentPostprocessing = 0;
		};
/* End PBXResourcesBuildPhase section */

/* Begin PBXSourcesBuildPhase section */
		C78018692A870E0A00E59E0D /* Sources */ = {
			isa = PBXSourcesBuildPhase;
			buildActionMask = 2147483647;
			files = (
				C78018752A870E0A00E59E0D /* ViewController.swift in Sources */,
				C7CCB1E42A8C572E0088638D /* HeaderView.swift in Sources */,
				C72776442A8714F900BA1ED4 /* Key.swift in Sources */,
				C727765C2A89E70F00BA1ED4 /* GameState.swift in Sources */,
				C72776562A883CEA00BA1ED4 /* KeyView.swift in Sources */,
				C727764F2A88149B00BA1ED4 /* KeyState.swift in Sources */,
				C72776542A8839BA00BA1ED4 /* KeyboardView.swift in Sources */,
				C78018712A870E0A00E59E0D /* AppDelegate.swift in Sources */,
				C72776642A8C0D4500BA1ED4 /* Bundle+DecodeJSON.swift in Sources */,
				C727765E2A8C084600BA1ED4 /* UIImage+AppImages.swift in Sources */,
				C727764A2A8731BF00BA1ED4 /* TileView.swift in Sources */,
				C7F9FE2B2A8EF1DC00B08E00 /* Game.swift in Sources */,
				C72776602A8C09B500BA1ED4 /* Words.swift in Sources */,
				C7CCB1E62A8C83050088638D /* ToastStackView.swift in Sources */,
				C72776522A88384000BA1ED4 /* UIColor+AppColors.swift in Sources */,
				C7F9FE302A8EF35000B08E00 /* ToastItemView.swift in Sources */,
				C7F9FE2E2A8EF33C00B08E00 /* ToastItemType.swift in Sources */,
				C727764D2A8735F100BA1ED4 /* GridView.swift in Sources */,
				C72776662A8C2A0100BA1ED4 /* String+Offset.swift in Sources */,
				C72776582A88412D00BA1ED4 /* UIFont+AppFonts.swift in Sources */,
				C727765A2A89A80600BA1ED4 /* GameView.swift in Sources */,
				C78018732A870E0A00E59E0D /* SceneDelegate.swift in Sources */,
			);
			runOnlyForDeploymentPostprocessing = 0;
		};
		C780187F2A870E0B00E59E0D /* Sources */ = {
			isa = PBXSourcesBuildPhase;
			buildActionMask = 2147483647;
			files = (
				C72776472A8715E700BA1ED4 /* KeyTests.swift in Sources */,
			);
			runOnlyForDeploymentPostprocessing = 0;
		};
		C78018892A870E0B00E59E0D /* Sources */ = {
			isa = PBXSourcesBuildPhase;
			buildActionMask = 2147483647;
			files = (
				C78018922A870E0B00E59E0D /* Wordle_SwiftUITests.swift in Sources */,
				C78018942A870E0B00E59E0D /* Wordle_SwiftUITestsLaunchTests.swift in Sources */,
			);
			runOnlyForDeploymentPostprocessing = 0;
		};
/* End PBXSourcesBuildPhase section */

/* Begin PBXTargetDependency section */
		C78018852A870E0B00E59E0D /* PBXTargetDependency */ = {
			isa = PBXTargetDependency;
			target = C780186C2A870E0A00E59E0D /* Wordle-Swift */;
			targetProxy = C78018842A870E0B00E59E0D /* PBXContainerItemProxy */;
		};
		C780188F2A870E0B00E59E0D /* PBXTargetDependency */ = {
			isa = PBXTargetDependency;
			target = C780186C2A870E0A00E59E0D /* Wordle-Swift */;
			targetProxy = C780188E2A870E0B00E59E0D /* PBXContainerItemProxy */;
		};
/* End PBXTargetDependency section */

/* Begin PBXVariantGroup section */
		C78018762A870E0A00E59E0D /* Main.storyboard */ = {
			isa = PBXVariantGroup;
			children = (
				C78018772A870E0A00E59E0D /* Base */,
			);
			name = Main.storyboard;
			sourceTree = "<group>";
		};
		C780187B2A870E0B00E59E0D /* LaunchScreen.storyboard */ = {
			isa = PBXVariantGroup;
			children = (
				C780187C2A870E0B00E59E0D /* Base */,
			);
			name = LaunchScreen.storyboard;
			sourceTree = "<group>";
		};
/* End PBXVariantGroup section */

/* Begin XCBuildConfiguration section */
		C78018952A870E0B00E59E0D /* Debug */ = {
			isa = XCBuildConfiguration;
			buildSettings = {
				ALWAYS_SEARCH_USER_PATHS = NO;
				CLANG_ANALYZER_NONNULL = YES;
				CLANG_ANALYZER_NUMBER_OBJECT_CONVERSION = YES_AGGRESSIVE;
				CLANG_CXX_LANGUAGE_STANDARD = "gnu++20";
				CLANG_ENABLE_MODULES = YES;
				CLANG_ENABLE_OBJC_ARC = YES;
				CLANG_ENABLE_OBJC_WEAK = YES;
				CLANG_WARN_BLOCK_CAPTURE_AUTORELEASING = YES;
				CLANG_WARN_BOOL_CONVERSION = YES;
				CLANG_WARN_COMMA = YES;
				CLANG_WARN_CONSTANT_CONVERSION = YES;
				CLANG_WARN_DEPRECATED_OBJC_IMPLEMENTATIONS = YES;
				CLANG_WARN_DIRECT_OBJC_ISA_USAGE = YES_ERROR;
				CLANG_WARN_DOCUMENTATION_COMMENTS = YES;
				CLANG_WARN_EMPTY_BODY = YES;
				CLANG_WARN_ENUM_CONVERSION = YES;
				CLANG_WARN_INFINITE_RECURSION = YES;
				CLANG_WARN_INT_CONVERSION = YES;
				CLANG_WARN_NON_LITERAL_NULL_CONVERSION = YES;
				CLANG_WARN_OBJC_IMPLICIT_RETAIN_SELF = YES;
				CLANG_WARN_OBJC_LITERAL_CONVERSION = YES;
				CLANG_WARN_OBJC_ROOT_CLASS = YES_ERROR;
				CLANG_WARN_QUOTED_INCLUDE_IN_FRAMEWORK_HEADER = YES;
				CLANG_WARN_RANGE_LOOP_ANALYSIS = YES;
				CLANG_WARN_STRICT_PROTOTYPES = YES;
				CLANG_WARN_SUSPICIOUS_MOVE = YES;
				CLANG_WARN_UNGUARDED_AVAILABILITY = YES_AGGRESSIVE;
				CLANG_WARN_UNREACHABLE_CODE = YES;
				CLANG_WARN__DUPLICATE_METHOD_MATCH = YES;
				COPY_PHASE_STRIP = NO;
				DEBUG_INFORMATION_FORMAT = dwarf;
				ENABLE_STRICT_OBJC_MSGSEND = YES;
				ENABLE_TESTABILITY = YES;
				GCC_C_LANGUAGE_STANDARD = gnu11;
				GCC_DYNAMIC_NO_PIC = NO;
				GCC_NO_COMMON_BLOCKS = YES;
				GCC_OPTIMIZATION_LEVEL = 0;
				GCC_PREPROCESSOR_DEFINITIONS = (
					"DEBUG=1",
					"$(inherited)",
				);
				GCC_WARN_64_TO_32_BIT_CONVERSION = YES;
				GCC_WARN_ABOUT_RETURN_TYPE = YES_ERROR;
				GCC_WARN_UNDECLARED_SELECTOR = YES;
				GCC_WARN_UNINITIALIZED_AUTOS = YES_AGGRESSIVE;
				GCC_WARN_UNUSED_FUNCTION = YES;
				GCC_WARN_UNUSED_VARIABLE = YES;
				IPHONEOS_DEPLOYMENT_TARGET = 16.4;
				MTL_ENABLE_DEBUG_INFO = INCLUDE_SOURCE;
				MTL_FAST_MATH = YES;
				ONLY_ACTIVE_ARCH = YES;
				SDKROOT = iphoneos;
				SWIFT_ACTIVE_COMPILATION_CONDITIONS = DEBUG;
				SWIFT_OPTIMIZATION_LEVEL = "-Onone";
			};
			name = Debug;
		};
		C78018962A870E0B00E59E0D /* Release */ = {
			isa = XCBuildConfiguration;
			buildSettings = {
				ALWAYS_SEARCH_USER_PATHS = NO;
				CLANG_ANALYZER_NONNULL = YES;
				CLANG_ANALYZER_NUMBER_OBJECT_CONVERSION = YES_AGGRESSIVE;
				CLANG_CXX_LANGUAGE_STANDARD = "gnu++20";
				CLANG_ENABLE_MODULES = YES;
				CLANG_ENABLE_OBJC_ARC = YES;
				CLANG_ENABLE_OBJC_WEAK = YES;
				CLANG_WARN_BLOCK_CAPTURE_AUTORELEASING = YES;
				CLANG_WARN_BOOL_CONVERSION = YES;
				CLANG_WARN_COMMA = YES;
				CLANG_WARN_CONSTANT_CONVERSION = YES;
				CLANG_WARN_DEPRECATED_OBJC_IMPLEMENTATIONS = YES;
				CLANG_WARN_DIRECT_OBJC_ISA_USAGE = YES_ERROR;
				CLANG_WARN_DOCUMENTATION_COMMENTS = YES;
				CLANG_WARN_EMPTY_BODY = YES;
				CLANG_WARN_ENUM_CONVERSION = YES;
				CLANG_WARN_INFINITE_RECURSION = YES;
				CLANG_WARN_INT_CONVERSION = YES;
				CLANG_WARN_NON_LITERAL_NULL_CONVERSION = YES;
				CLANG_WARN_OBJC_IMPLICIT_RETAIN_SELF = YES;
				CLANG_WARN_OBJC_LITERAL_CONVERSION = YES;
				CLANG_WARN_OBJC_ROOT_CLASS = YES_ERROR;
				CLANG_WARN_QUOTED_INCLUDE_IN_FRAMEWORK_HEADER = YES;
				CLANG_WARN_RANGE_LOOP_ANALYSIS = YES;
				CLANG_WARN_STRICT_PROTOTYPES = YES;
				CLANG_WARN_SUSPICIOUS_MOVE = YES;
				CLANG_WARN_UNGUARDED_AVAILABILITY = YES_AGGRESSIVE;
				CLANG_WARN_UNREACHABLE_CODE = YES;
				CLANG_WARN__DUPLICATE_METHOD_MATCH = YES;
				COPY_PHASE_STRIP = NO;
				DEBUG_INFORMATION_FORMAT = "dwarf-with-dsym";
				ENABLE_NS_ASSERTIONS = NO;
				ENABLE_STRICT_OBJC_MSGSEND = YES;
				GCC_C_LANGUAGE_STANDARD = gnu11;
				GCC_NO_COMMON_BLOCKS = YES;
				GCC_WARN_64_TO_32_BIT_CONVERSION = YES;
				GCC_WARN_ABOUT_RETURN_TYPE = YES_ERROR;
				GCC_WARN_UNDECLARED_SELECTOR = YES;
				GCC_WARN_UNINITIALIZED_AUTOS = YES_AGGRESSIVE;
				GCC_WARN_UNUSED_FUNCTION = YES;
				GCC_WARN_UNUSED_VARIABLE = YES;
				IPHONEOS_DEPLOYMENT_TARGET = 16.4;
				MTL_ENABLE_DEBUG_INFO = NO;
				MTL_FAST_MATH = YES;
				SDKROOT = iphoneos;
				SWIFT_COMPILATION_MODE = wholemodule;
				SWIFT_OPTIMIZATION_LEVEL = "-O";
				VALIDATE_PRODUCT = YES;
			};
			name = Release;
		};
		C78018982A870E0B00E59E0D /* Debug */ = {
			isa = XCBuildConfiguration;
			buildSettings = {
				ASSETCATALOG_COMPILER_APPICON_NAME = AppIcon;
				ASSETCATALOG_COMPILER_GLOBAL_ACCENT_COLOR_NAME = AccentColor;
				CODE_SIGN_STYLE = Automatic;
				CURRENT_PROJECT_VERSION = 1;
				GENERATE_INFOPLIST_FILE = YES;
				INFOPLIST_FILE = "Wordle-Swift/Info.plist";
				INFOPLIST_KEY_UIApplicationSupportsIndirectInputEvents = YES;
				INFOPLIST_KEY_UILaunchStoryboardName = LaunchScreen;
				INFOPLIST_KEY_UIMainStoryboardFile = Main;
				INFOPLIST_KEY_UISupportedInterfaceOrientations = UIInterfaceOrientationPortrait;
				INFOPLIST_KEY_UISupportedInterfaceOrientations_iPad = "UIInterfaceOrientationLandscapeLeft UIInterfaceOrientationLandscapeRight UIInterfaceOrientationPortrait UIInterfaceOrientationPortraitUpsideDown";
				LD_RUNPATH_SEARCH_PATHS = (
					"$(inherited)",
					"@executable_path/Frameworks",
				);
				MARKETING_VERSION = 1.0;
				PRODUCT_BUNDLE_IDENTIFIER = "com.0100.Wordle-Swift";
				PRODUCT_NAME = "$(TARGET_NAME)";
				SWIFT_EMIT_LOC_STRINGS = YES;
				SWIFT_VERSION = 5.0;
				TARGETED_DEVICE_FAMILY = "1,2";
			};
			name = Debug;
		};
		C78018992A870E0B00E59E0D /* Release */ = {
			isa = XCBuildConfiguration;
			buildSettings = {
				ASSETCATALOG_COMPILER_APPICON_NAME = AppIcon;
				ASSETCATALOG_COMPILER_GLOBAL_ACCENT_COLOR_NAME = AccentColor;
				CODE_SIGN_STYLE = Automatic;
				CURRENT_PROJECT_VERSION = 1;
				GENERATE_INFOPLIST_FILE = YES;
				INFOPLIST_FILE = "Wordle-Swift/Info.plist";
				INFOPLIST_KEY_UIApplicationSupportsIndirectInputEvents = YES;
				INFOPLIST_KEY_UILaunchStoryboardName = LaunchScreen;
				INFOPLIST_KEY_UIMainStoryboardFile = Main;
				INFOPLIST_KEY_UISupportedInterfaceOrientations = UIInterfaceOrientationPortrait;
				INFOPLIST_KEY_UISupportedInterfaceOrientations_iPad = "UIInterfaceOrientationLandscapeLeft UIInterfaceOrientationLandscapeRight UIInterfaceOrientationPortrait UIInterfaceOrientationPortraitUpsideDown";
				LD_RUNPATH_SEARCH_PATHS = (
					"$(inherited)",
					"@executable_path/Frameworks",
				);
				MARKETING_VERSION = 1.0;
				PRODUCT_BUNDLE_IDENTIFIER = "com.0100.Wordle-Swift";
				PRODUCT_NAME = "$(TARGET_NAME)";
				SWIFT_EMIT_LOC_STRINGS = YES;
				SWIFT_VERSION = 5.0;
				TARGETED_DEVICE_FAMILY = "1,2";
			};
			name = Release;
		};
		C780189B2A870E0B00E59E0D /* Debug */ = {
			isa = XCBuildConfiguration;
			buildSettings = {
				ALWAYS_EMBED_SWIFT_STANDARD_LIBRARIES = YES;
				BUNDLE_LOADER = "$(TEST_HOST)";
				CODE_SIGN_STYLE = Automatic;
				CURRENT_PROJECT_VERSION = 1;
				GENERATE_INFOPLIST_FILE = YES;
				IPHONEOS_DEPLOYMENT_TARGET = 16.4;
				MARKETING_VERSION = 1.0;
				PRODUCT_BUNDLE_IDENTIFIER = "com.0100.Wordle-SwiftTests";
				PRODUCT_NAME = "$(TARGET_NAME)";
				SWIFT_EMIT_LOC_STRINGS = NO;
				SWIFT_VERSION = 5.0;
				TARGETED_DEVICE_FAMILY = "1,2";
				TEST_HOST = "$(BUILT_PRODUCTS_DIR)/Wordle-Swift.app/$(BUNDLE_EXECUTABLE_FOLDER_PATH)/Wordle-Swift";
			};
			name = Debug;
		};
		C780189C2A870E0B00E59E0D /* Release */ = {
			isa = XCBuildConfiguration;
			buildSettings = {
				ALWAYS_EMBED_SWIFT_STANDARD_LIBRARIES = YES;
				BUNDLE_LOADER = "$(TEST_HOST)";
				CODE_SIGN_STYLE = Automatic;
				CURRENT_PROJECT_VERSION = 1;
				GENERATE_INFOPLIST_FILE = YES;
				IPHONEOS_DEPLOYMENT_TARGET = 16.4;
				MARKETING_VERSION = 1.0;
				PRODUCT_BUNDLE_IDENTIFIER = "com.0100.Wordle-SwiftTests";
				PRODUCT_NAME = "$(TARGET_NAME)";
				SWIFT_EMIT_LOC_STRINGS = NO;
				SWIFT_VERSION = 5.0;
				TARGETED_DEVICE_FAMILY = "1,2";
				TEST_HOST = "$(BUILT_PRODUCTS_DIR)/Wordle-Swift.app/$(BUNDLE_EXECUTABLE_FOLDER_PATH)/Wordle-Swift";
			};
			name = Release;
		};
		C780189E2A870E0B00E59E0D /* Debug */ = {
			isa = XCBuildConfiguration;
			buildSettings = {
				ALWAYS_EMBED_SWIFT_STANDARD_LIBRARIES = YES;
				CODE_SIGN_STYLE = Automatic;
				CURRENT_PROJECT_VERSION = 1;
				GENERATE_INFOPLIST_FILE = YES;
				MARKETING_VERSION = 1.0;
				PRODUCT_BUNDLE_IDENTIFIER = "com.0100.Wordle-SwiftUITests";
				PRODUCT_NAME = "$(TARGET_NAME)";
				SWIFT_EMIT_LOC_STRINGS = NO;
				SWIFT_VERSION = 5.0;
				TARGETED_DEVICE_FAMILY = "1,2";
				TEST_TARGET_NAME = "Wordle-Swift";
			};
			name = Debug;
		};
		C780189F2A870E0B00E59E0D /* Release */ = {
			isa = XCBuildConfiguration;
			buildSettings = {
				ALWAYS_EMBED_SWIFT_STANDARD_LIBRARIES = YES;
				CODE_SIGN_STYLE = Automatic;
				CURRENT_PROJECT_VERSION = 1;
				GENERATE_INFOPLIST_FILE = YES;
				MARKETING_VERSION = 1.0;
				PRODUCT_BUNDLE_IDENTIFIER = "com.0100.Wordle-SwiftUITests";
				PRODUCT_NAME = "$(TARGET_NAME)";
				SWIFT_EMIT_LOC_STRINGS = NO;
				SWIFT_VERSION = 5.0;
				TARGETED_DEVICE_FAMILY = "1,2";
				TEST_TARGET_NAME = "Wordle-Swift";
			};
			name = Release;
		};
/* End XCBuildConfiguration section */

/* Begin XCConfigurationList section */
		C78018682A870E0A00E59E0D /* Build configuration list for PBXProject "Wordle-Swift" */ = {
			isa = XCConfigurationList;
			buildConfigurations = (
				C78018952A870E0B00E59E0D /* Debug */,
				C78018962A870E0B00E59E0D /* Release */,
			);
			defaultConfigurationIsVisible = 0;
			defaultConfigurationName = Release;
		};
		C78018972A870E0B00E59E0D /* Build configuration list for PBXNativeTarget "Wordle-Swift" */ = {
			isa = XCConfigurationList;
			buildConfigurations = (
				C78018982A870E0B00E59E0D /* Debug */,
				C78018992A870E0B00E59E0D /* Release */,
			);
			defaultConfigurationIsVisible = 0;
			defaultConfigurationName = Release;
		};
		C780189A2A870E0B00E59E0D /* Build configuration list for PBXNativeTarget "Wordle-SwiftTests" */ = {
			isa = XCConfigurationList;
			buildConfigurations = (
				C780189B2A870E0B00E59E0D /* Debug */,
				C780189C2A870E0B00E59E0D /* Release */,
			);
			defaultConfigurationIsVisible = 0;
			defaultConfigurationName = Release;
		};
		C780189D2A870E0B00E59E0D /* Build configuration list for PBXNativeTarget "Wordle-SwiftUITests" */ = {
			isa = XCConfigurationList;
			buildConfigurations = (
				C780189E2A870E0B00E59E0D /* Debug */,
				C780189F2A870E0B00E59E0D /* Release */,
			);
			defaultConfigurationIsVisible = 0;
			defaultConfigurationName = Release;
		};
/* End XCConfigurationList section */
	};
	rootObject = C78018652A870E0A00E59E0D /* Project object */;
}
